// !$*UTF8*$!
{
	archiveVersion = 1;
	classes = {
	};
	objectVersion = 56;
	objects = {

/* Begin PBXBuildFile section */
		FF0307A229F1D5FE00FDE603 /* HomeView.swift in Sources */ = {isa = PBXBuildFile; fileRef = FF0307A129F1D5FE00FDE603 /* HomeView.swift */; };
		FF0307A429F1E73200FDE603 /* CatalogView.swift in Sources */ = {isa = PBXBuildFile; fileRef = FF0307A329F1E73200FDE603 /* CatalogView.swift */; };
		FF62A96F29DB495600F30392 /* LoginPageApp.swift in Sources */ = {isa = PBXBuildFile; fileRef = FF62A96E29DB495600F30392 /* LoginPageApp.swift */; };
		FF62A97129DB495600F30392 /* LoginView.swift in Sources */ = {isa = PBXBuildFile; fileRef = FF62A97029DB495600F30392 /* LoginView.swift */; };
		FF62A97329DB495700F30392 /* Assets.xcassets in Resources */ = {isa = PBXBuildFile; fileRef = FF62A97229DB495700F30392 /* Assets.xcassets */; };
		FF62A97629DB495700F30392 /* Preview Assets.xcassets in Resources */ = {isa = PBXBuildFile; fileRef = FF62A97529DB495700F30392 /* Preview Assets.xcassets */; };
		FFA1657529F28224005323D0 /* TabBarView.swift in Sources */ = {isa = PBXBuildFile; fileRef = FFA1657429F28224005323D0 /* TabBarView.swift */; };
		FFA1657729F28249005323D0 /* ExitView.swift in Sources */ = {isa = PBXBuildFile; fileRef = FFA1657629F28249005323D0 /* ExitView.swift */; };
		FFA1657D29F293E4005323D0 /* AnimalView.swift in Sources */ = {isa = PBXBuildFile; fileRef = FFA1657C29F293E4005323D0 /* AnimalView.swift */; };
/* End PBXBuildFile section */

/* Begin PBXFileReference section */
		FF0307A129F1D5FE00FDE603 /* HomeView.swift */ = {isa = PBXFileReference; lastKnownFileType = sourcecode.swift; path = HomeView.swift; sourceTree = "<group>"; };
		FF0307A329F1E73200FDE603 /* CatalogView.swift */ = {isa = PBXFileReference; lastKnownFileType = sourcecode.swift; path = CatalogView.swift; sourceTree = "<group>"; };
		FF62A96B29DB495600F30392 /* LoginPage.app */ = {isa = PBXFileReference; explicitFileType = wrapper.application; includeInIndex = 0; path = LoginPage.app; sourceTree = BUILT_PRODUCTS_DIR; };
		FF62A96E29DB495600F30392 /* LoginPageApp.swift */ = {isa = PBXFileReference; lastKnownFileType = sourcecode.swift; path = LoginPageApp.swift; sourceTree = "<group>"; };
		FF62A97029DB495600F30392 /* LoginView.swift */ = {isa = PBXFileReference; lastKnownFileType = sourcecode.swift; path = LoginView.swift; sourceTree = "<group>"; };
		FF62A97229DB495700F30392 /* Assets.xcassets */ = {isa = PBXFileReference; lastKnownFileType = folder.assetcatalog; path = Assets.xcassets; sourceTree = "<group>"; };
		FF62A97529DB495700F30392 /* Preview Assets.xcassets */ = {isa = PBXFileReference; lastKnownFileType = folder.assetcatalog; path = "Preview Assets.xcassets"; sourceTree = "<group>"; };
		FFA1657429F28224005323D0 /* TabBarView.swift */ = {isa = PBXFileReference; lastKnownFileType = sourcecode.swift; path = TabBarView.swift; sourceTree = "<group>"; };
		FFA1657629F28249005323D0 /* ExitView.swift */ = {isa = PBXFileReference; lastKnownFileType = sourcecode.swift; path = ExitView.swift; sourceTree = "<group>"; };
		FFA1657C29F293E4005323D0 /* AnimalView.swift */ = {isa = PBXFileReference; lastKnownFileType = sourcecode.swift; path = AnimalView.swift; sourceTree = "<group>"; };
/* End PBXFileReference section */

/* Begin PBXFrameworksBuildPhase section */
		FF62A96829DB495600F30392 /* Frameworks */ = {
			isa = PBXFrameworksBuildPhase;
			buildActionMask = 2147483647;
			files = (
			);
			runOnlyForDeploymentPostprocessing = 0;
		};
/* End PBXFrameworksBuildPhase section */

/* Begin PBXGroup section */
		FF62A96229DB495600F30392 = {
			isa = PBXGroup;
			children = (
				FF62A96D29DB495600F30392 /* LoginPage */,
				FF62A96C29DB495600F30392 /* Products */,
			);
			sourceTree = "<group>";
		};
		FF62A96C29DB495600F30392 /* Products */ = {
			isa = PBXGroup;
			children = (
				FF62A96B29DB495600F30392 /* LoginPage.app */,
			);
			name = Products;
			sourceTree = "<group>";
		};
		FF62A96D29DB495600F30392 /* LoginPage */ = {
			isa = PBXGroup;
			children = (
				FFA1657829F284EE005323D0 /* Views */,
				FF62A96E29DB495600F30392 /* LoginPageApp.swift */,
				FF62A97229DB495700F30392 /* Assets.xcassets */,
				FF62A97429DB495700F30392 /* Preview Content */,
			);
			path = LoginPage;
			sourceTree = "<group>";
		};
		FF62A97429DB495700F30392 /* Preview Content */ = {
			isa = PBXGroup;
			children = (
				FF62A97529DB495700F30392 /* Preview Assets.xcassets */,
			);
			path = "Preview Content";
			sourceTree = "<group>";
		};
		FFA1657829F284EE005323D0 /* Views */ = {
			isa = PBXGroup;
			children = (
				FFA1657B29F2852C005323D0 /* Home */,
				FFA1657A29F28519005323D0 /* Login */,
				FFA1657929F28510005323D0 /* Exit */,
				FFA1657429F28224005323D0 /* TabBarView.swift */,
			);
			path = Views;
			sourceTree = "<group>";
		};
		FFA1657929F28510005323D0 /* Exit */ = {
			isa = PBXGroup;
			children = (
				FFA1657629F28249005323D0 /* ExitView.swift */,
			);
			path = Exit;
			sourceTree = "<group>";
		};
		FFA1657A29F28519005323D0 /* Login */ = {
			isa = PBXGroup;
			children = (
				FF62A97029DB495600F30392 /* LoginView.swift */,
			);
			path = Login;
			sourceTree = "<group>";
		};
		FFA1657B29F2852C005323D0 /* Home */ = {
			isa = PBXGroup;
			children = (
				FF0307A329F1E73200FDE603 /* CatalogView.swift */,
				FF0307A129F1D5FE00FDE603 /* HomeView.swift */,
				FFA1657C29F293E4005323D0 /* AnimalView.swift */,
			);
			path = Home;
			sourceTree = "<group>";
		};
/* End PBXGroup section */

/* Begin PBXNativeTarget section */
		FF62A96A29DB495600F30392 /* LoginPage */ = {
			isa = PBXNativeTarget;
			buildConfigurationList = FF62A97929DB495700F30392 /* Build configuration list for PBXNativeTarget "LoginPage" */;
			buildPhases = (
				FF62A96729DB495600F30392 /* Sources */,
				FF62A96829DB495600F30392 /* Frameworks */,
				FF62A96929DB495600F30392 /* Resources */,
			);
			buildRules = (
			);
			dependencies = (
			);
			name = LoginPage;
			productName = LoginPage;
			productReference = FF62A96B29DB495600F30392 /* LoginPage.app */;
			productType = "com.apple.product-type.application";
		};
/* End PBXNativeTarget section */

/* Begin PBXProject section */
		FF62A96329DB495600F30392 /* Project object */ = {
			isa = PBXProject;
			attributes = {
				BuildIndependentTargetsInParallel = 1;
				LastSwiftUpdateCheck = 1430;
				LastUpgradeCheck = 1430;
				TargetAttributes = {
					FF62A96A29DB495600F30392 = {
						CreatedOnToolsVersion = 14.3;
					};
				};
			};
			buildConfigurationList = FF62A96629DB495600F30392 /* Build configuration list for PBXProject "LoginPage" */;
			compatibilityVersion = "Xcode 14.0";
			developmentRegion = en;
			hasScannedForEncodings = 0;
			knownRegions = (
				en,
				Base,
			);
			mainGroup = FF62A96229DB495600F30392;
			productRefGroup = FF62A96C29DB495600F30392 /* Products */;
			projectDirPath = "";
			projectRoot = "";
			targets = (
				FF62A96A29DB495600F30392 /* LoginPage */,
			);
		};
/* End PBXProject section */

/* Begin PBXResourcesBuildPhase section */
		FF62A96929DB495600F30392 /* Resources */ = {
			isa = PBXResourcesBuildPhase;
			buildActionMask = 2147483647;
			files = (
				FF62A97629DB495700F30392 /* Preview Assets.xcassets in Resources */,
				FF62A97329DB495700F30392 /* Assets.xcassets in Resources */,
			);
			runOnlyForDeploymentPostprocessing = 0;
		};
/* End PBXResourcesBuildPhase section */

/* Begin PBXSourcesBuildPhase section */
		FF62A96729DB495600F30392 /* Sources */ = {
			isa = PBXSourcesBuildPhase;
			buildActionMask = 2147483647;
			files = (
				FFA1657729F28249005323D0 /* ExitView.swift in Sources */,
				FF0307A429F1E73200FDE603 /* CatalogView.swift in Sources */,
				FF62A97129DB495600F30392 /* LoginView.swift in Sources */,
				FF62A96F29DB495600F30392 /* LoginPageApp.swift in Sources */,
				FFA1657D29F293E4005323D0 /* AnimalView.swift in Sources */,
				FFA1657529F28224005323D0 /* TabBarView.swift in Sources */,
				FF0307A229F1D5FE00FDE603 /* HomeView.swift in Sources */,
			);
			runOnlyForDeploymentPostprocessing = 0;
		};
/* End PBXSourcesBuildPhase section */

/* Begin XCBuildConfiguration section */
		FF62A97729DB495700F30392 /* Debug */ = {
			isa = XCBuildConfiguration;
			buildSettings = {
				ALWAYS_SEARCH_USER_PATHS = NO;
				CLANG_ANALYZER_NONNULL = YES;
				CLANG_ANALYZER_NUMBER_OBJECT_CONVERSION = YES_AGGRESSIVE;
				CLANG_CXX_LANGUAGE_STANDARD = "gnu++20";
				CLANG_ENABLE_MODULES = YES;
				CLANG_ENABLE_OBJC_ARC = YES;
				CLANG_ENABLE_OBJC_WEAK = YES;
				CLANG_WARN_BLOCK_CAPTURE_AUTORELEASING = YES;
				CLANG_WARN_BOOL_CONVERSION = YES;
				CLANG_WARN_COMMA = YES;
				CLANG_WARN_CONSTANT_CONVERSION = YES;
				CLANG_WARN_DEPRECATED_OBJC_IMPLEMENTATIONS = YES;
				CLANG_WARN_DIRECT_OBJC_ISA_USAGE = YES_ERROR;
				CLANG_WARN_DOCUMENTATION_COMMENTS = YES;
				CLANG_WARN_EMPTY_BODY = YES;
				CLANG_WARN_ENUM_CONVERSION = YES;
				CLANG_WARN_INFINITE_RECURSION = YES;
				CLANG_WARN_INT_CONVERSION = YES;
				CLANG_WARN_NON_LITERAL_NULL_CONVERSION = YES;
				CLANG_WARN_OBJC_IMPLICIT_RETAIN_SELF = YES;
				CLANG_WARN_OBJC_LITERAL_CONVERSION = YES;
				CLANG_WARN_OBJC_ROOT_CLASS = YES_ERROR;
				CLANG_WARN_QUOTED_INCLUDE_IN_FRAMEWORK_HEADER = YES;
				CLANG_WARN_RANGE_LOOP_ANALYSIS = YES;
				CLANG_WARN_STRICT_PROTOTYPES = YES;
				CLANG_WARN_SUSPICIOUS_MOVE = YES;
				CLANG_WARN_UNGUARDED_AVAILABILITY = YES_AGGRESSIVE;
				CLANG_WARN_UNREACHABLE_CODE = YES;
				CLANG_WARN__DUPLICATE_METHOD_MATCH = YES;
				COPY_PHASE_STRIP = NO;
				DEBUG_INFORMATION_FORMAT = dwarf;
				ENABLE_STRICT_OBJC_MSGSEND = YES;
				ENABLE_TESTABILITY = YES;
				GCC_C_LANGUAGE_STANDARD = gnu11;
				GCC_DYNAMIC_NO_PIC = NO;
				GCC_NO_COMMON_BLOCKS = YES;
				GCC_OPTIMIZATION_LEVEL = 0;
				GCC_PREPROCESSOR_DEFINITIONS = (
					"DEBUG=1",
					"$(inherited)",
				);
				GCC_WARN_64_TO_32_BIT_CONVERSION = YES;
				GCC_WARN_ABOUT_RETURN_TYPE = YES_ERROR;
				GCC_WARN_UNDECLARED_SELECTOR = YES;
				GCC_WARN_UNINITIALIZED_AUTOS = YES_AGGRESSIVE;
				GCC_WARN_UNUSED_FUNCTION = YES;
				GCC_WARN_UNUSED_VARIABLE = YES;
				IPHONEOS_DEPLOYMENT_TARGET = 16.4;
				MTL_ENABLE_DEBUG_INFO = INCLUDE_SOURCE;
				MTL_FAST_MATH = YES;
				ONLY_ACTIVE_ARCH = YES;
				SDKROOT = iphoneos;
				SWIFT_ACTIVE_COMPILATION_CONDITIONS = DEBUG;
				SWIFT_OPTIMIZATION_LEVEL = "-Onone";
			};
			name = Debug;
		};
		FF62A97829DB495700F30392 /* Release */ = {
			isa = XCBuildConfiguration;
			buildSettings = {
				ALWAYS_SEARCH_USER_PATHS = NO;
				CLANG_ANALYZER_NONNULL = YES;
				CLANG_ANALYZER_NUMBER_OBJECT_CONVERSION = YES_AGGRESSIVE;
				CLANG_CXX_LANGUAGE_STANDARD = "gnu++20";
				CLANG_ENABLE_MODULES = YES;
				CLANG_ENABLE_OBJC_ARC = YES;
				CLANG_ENABLE_OBJC_WEAK = YES;
				CLANG_WARN_BLOCK_CAPTURE_AUTORELEASING = YES;
				CLANG_WARN_BOOL_CONVERSION = YES;
				CLANG_WARN_COMMA = YES;
				CLANG_WARN_CONSTANT_CONVERSION = YES;
				CLANG_WARN_DEPRECATED_OBJC_IMPLEMENTATIONS = YES;
				CLANG_WARN_DIRECT_OBJC_ISA_USAGE = YES_ERROR;
				CLANG_WARN_DOCUMENTATION_COMMENTS = YES;
				CLANG_WARN_EMPTY_BODY = YES;
				CLANG_WARN_ENUM_CONVERSION = YES;
				CLANG_WARN_INFINITE_RECURSION = YES;
				CLANG_WARN_INT_CONVERSION = YES;
				CLANG_WARN_NON_LITERAL_NULL_CONVERSION = YES;
				CLANG_WARN_OBJC_IMPLICIT_RETAIN_SELF = YES;
				CLANG_WARN_OBJC_LITERAL_CONVERSION = YES;
				CLANG_WARN_OBJC_ROOT_CLASS = YES_ERROR;
				CLANG_WARN_QUOTED_INCLUDE_IN_FRAMEWORK_HEADER = YES;
				CLANG_WARN_RANGE_LOOP_ANALYSIS = YES;
				CLANG_WARN_STRICT_PROTOTYPES = YES;
				CLANG_WARN_SUSPICIOUS_MOVE = YES;
				CLANG_WARN_UNGUARDED_AVAILABILITY = YES_AGGRESSIVE;
				CLANG_WARN_UNREACHABLE_CODE = YES;
				CLANG_WARN__DUPLICATE_METHOD_MATCH = YES;
				COPY_PHASE_STRIP = NO;
				DEBUG_INFORMATION_FORMAT = "dwarf-with-dsym";
				ENABLE_NS_ASSERTIONS = NO;
				ENABLE_STRICT_OBJC_MSGSEND = YES;
				GCC_C_LANGUAGE_STANDARD = gnu11;
				GCC_NO_COMMON_BLOCKS = YES;
				GCC_WARN_64_TO_32_BIT_CONVERSION = YES;
				GCC_WARN_ABOUT_RETURN_TYPE = YES_ERROR;
				GCC_WARN_UNDECLARED_SELECTOR = YES;
				GCC_WARN_UNINITIALIZED_AUTOS = YES_AGGRESSIVE;
				GCC_WARN_UNUSED_FUNCTION = YES;
				GCC_WARN_UNUSED_VARIABLE = YES;
				IPHONEOS_DEPLOYMENT_TARGET = 16.4;
				MTL_ENABLE_DEBUG_INFO = NO;
				MTL_FAST_MATH = YES;
				SDKROOT = iphoneos;
				SWIFT_COMPILATION_MODE = wholemodule;
				SWIFT_OPTIMIZATION_LEVEL = "-O";
				VALIDATE_PRODUCT = YES;
			};
			name = Release;
		};
		FF62A97A29DB495700F30392 /* Debug */ = {
			isa = XCBuildConfiguration;
			buildSettings = {
				ASSETCATALOG_COMPILER_APPICON_NAME = AppIcon;
				ASSETCATALOG_COMPILER_GLOBAL_ACCENT_COLOR_NAME = AccentColor;
				CODE_SIGN_STYLE = Automatic;
				CURRENT_PROJECT_VERSION = 1;
				DEVELOPMENT_ASSET_PATHS = "\"LoginPage/Preview Content\"";
				DEVELOPMENT_TEAM = KTNM35TF3W;
				ENABLE_PREVIEWS = YES;
				GENERATE_INFOPLIST_FILE = YES;
				INFOPLIST_KEY_UIApplicationSceneManifest_Generation = YES;
				INFOPLIST_KEY_UIApplicationSupportsIndirectInputEvents = YES;
				INFOPLIST_KEY_UILaunchScreen_Generation = YES;
				INFOPLIST_KEY_UISupportedInterfaceOrientations_iPad = "UIInterfaceOrientationPortrait UIInterfaceOrientationPortraitUpsideDown UIInterfaceOrientationLandscapeLeft UIInterfaceOrientationLandscapeRight";
				INFOPLIST_KEY_UISupportedInterfaceOrientations_iPhone = "UIInterfaceOrientationPortrait UIInterfaceOrientationLandscapeLeft UIInterfaceOrientationLandscapeRight";
				LD_RUNPATH_SEARCH_PATHS = (
					"$(inherited)",
					"@executable_path/Frameworks",
				);
				MARKETING_VERSION = 1.0;
				PRODUCT_BUNDLE_IDENTIFIER = com.github.notsoundbanana.LoginPage;
				PRODUCT_NAME = "$(TARGET_NAME)";
				SWIFT_EMIT_LOC_STRINGS = YES;
				SWIFT_VERSION = 5.0;
				TARGETED_DEVICE_FAMILY = "1,2";
			};
			name = Debug;
		};
		FF62A97B29DB495700F30392 /* Release */ = {
			isa = XCBuildConfiguration;
			buildSettings = {
				ASSETCATALOG_COMPILER_APPICON_NAME = AppIcon;
				ASSETCATALOG_COMPILER_GLOBAL_ACCENT_COLOR_NAME = AccentColor;
				CODE_SIGN_STYLE = Automatic;
				CURRENT_PROJECT_VERSION = 1;
				DEVELOPMENT_ASSET_PATHS = "\"LoginPage/Preview Content\"";
				DEVELOPMENT_TEAM = KTNM35TF3W;
				ENABLE_PREVIEWS = YES;
				GENERATE_INFOPLIST_FILE = YES;
				INFOPLIST_KEY_UIApplicationSceneManifest_Generation = YES;
				INFOPLIST_KEY_UIApplicationSupportsIndirectInputEvents = YES;
				INFOPLIST_KEY_UILaunchScreen_Generation = YES;
				INFOPLIST_KEY_UISupportedInterfaceOrientations_iPad = "UIInterfaceOrientationPortrait UIInterfaceOrientationPortraitUpsideDown UIInterfaceOrientationLandscapeLeft UIInterfaceOrientationLandscapeRight";
				INFOPLIST_KEY_UISupportedInterfaceOrientations_iPhone = "UIInterfaceOrientationPortrait UIInterfaceOrientationLandscapeLeft UIInterfaceOrientationLandscapeRight";
				LD_RUNPATH_SEARCH_PATHS = (
					"$(inherited)",
					"@executable_path/Frameworks",
				);
				MARKETING_VERSION = 1.0;
				PRODUCT_BUNDLE_IDENTIFIER = com.github.notsoundbanana.LoginPage;
				PRODUCT_NAME = "$(TARGET_NAME)";
				SWIFT_EMIT_LOC_STRINGS = YES;
				SWIFT_VERSION = 5.0;
				TARGETED_DEVICE_FAMILY = "1,2";
			};
			name = Release;
		};
/* End XCBuildConfiguration section */

/* Begin XCConfigurationList section */
		FF62A96629DB495600F30392 /* Build configuration list for PBXProject "LoginPage" */ = {
			isa = XCConfigurationList;
			buildConfigurations = (
				FF62A97729DB495700F30392 /* Debug */,
				FF62A97829DB495700F30392 /* Release */,
			);
			defaultConfigurationIsVisible = 0;
			defaultConfigurationName = Release;
		};
		FF62A97929DB495700F30392 /* Build configuration list for PBXNativeTarget "LoginPage" */ = {
			isa = XCConfigurationList;
			buildConfigurations = (
				FF62A97A29DB495700F30392 /* Debug */,
				FF62A97B29DB495700F30392 /* Release */,
			);
			defaultConfigurationIsVisible = 0;
			defaultConfigurationName = Release;
		};
/* End XCConfigurationList section */
	};
	rootObject = FF62A96329DB495600F30392 /* Project object */;
}
